
Microsoft Visual Studio Solution File, Format Version 12.00
# Visual Studio Version 16
VisualStudioVersion = 16.0.29728.190
MinimumVisualStudioVersion = 10.0.40219.1
Project("{FAE04EC0-301F-11D3-BF4B-00C04F79EFBC}") = "EstruturasCond", "EstruturasCond\EstruturasCond.csproj", "{5C84DDB4-121B-4D17-A09F-C19088858DE0}"
EndProject
Global
	GlobalSection(SolutionConfigurationPlatforms) = preSolution
		Debug|Any CPU = Debug|Any CPU
		Release|Any CPU = Release|Any CPU
	EndGlobalSection
	GlobalSection(ProjectConfigurationPlatforms) = postSolution
		{5C84DDB4-121B-4D17-A09F-C19088858DE0}.Debug|Any CPU.ActiveCfg = Debug|Any CPU
		{5C84DDB4-121B-4D17-A09F-C19088858DE0}.Debug|Any CPU.Build.0 = Debug|Any CPU
		{5C84DDB4-121B-4D17-A09F-C19088858DE0}.Release|Any CPU.ActiveCfg = Release|Any CPU
		{5C84DDB4-121B-4D17-A09F-C19088858DE0}.Release|Any CPU.Build.0 = Release|Any CPU
	EndGlobalSection
	GlobalSection(SolutionProperties) = preSolution
		HideSolutionNode = FALSE
	EndGlobalSection
	GlobalSection(ExtensibilityGlobals) = postSolution
		SolutionGuid = {8108637D-4277-4889-B396-64A0439AFB07}
	EndGlobalSection
EndGlobal
